
Microsoft Visual Studio Solution File, Format Version 12.00
# Visual Studio Version 16
VisualStudioVersion = 16.0.31410.357
MinimumVisualStudioVersion = 10.0.40219.1
Project("{8BC9CEB8-8B4A-11D0-8D11-00A0C91BC942}") = "RoboTrash_SFML", "RoboTrash_SFML.vcxproj", "{CBC49CCB-5173-449A-87AC-FCC634AB5991}"
EndProject
Global
	GlobalSection(SolutionConfigurationPlatforms) = preSolution
		Debug|x64 = Debug|x64
		Debug|x86 = Debug|x86
		Release|x64 = Release|x64
		Release|x86 = Release|x86
	EndGlobalSection
	GlobalSection(ProjectConfigurationPlatforms) = postSolution
		{CBC49CCB-5173-449A-87AC-FCC634AB5991}.Debug|x64.ActiveCfg = Debug|x64
		{CBC49CCB-5173-449A-87AC-FCC634AB5991}.Debug|x64.Build.0 = Debug|x64
		{CBC49CCB-5173-449A-87AC-FCC634AB5991}.Debug|x86.ActiveCfg = Debug|Win32
		{CBC49CCB-5173-449A-87AC-FCC634AB5991}.Debug|x86.Build.0 = Debug|Win32
		{CBC49CCB-5173-449A-87AC-FCC634AB5991}.Release|x64.ActiveCfg = Release|x64
		{CBC49CCB-5173-449A-87AC-FCC634AB5991}.Release|x64.Build.0 = Release|x64
		{CBC49CCB-5173-449A-87AC-FCC634AB5991}.Release|x86.ActiveCfg = Release|Win32
		{CBC49CCB-5173-449A-87AC-FCC634AB5991}.Release|x86.Build.0 = Release|Win32
	EndGlobalSection
	GlobalSection(SolutionProperties) = preSolution
		HideSolutionNode = FALSE
	EndGlobalSection
	GlobalSection(ExtensibilityGlobals) = postSolution
		SolutionGuid = {8ADDF0F5-599A-4E08-8CD7-4E06B41EB4F5}
	EndGlobalSection
EndGlobal
